
Microsoft Visual Studio Solution File, Format Version 12.00
# Visual Studio Version 16
VisualStudioVersion = 16.0.32126.315
MinimumVisualStudioVersion = 10.0.40219.1
Project("{FAE04EC0-301F-11D3-BF4B-00C04F79EFBC}") = "Beta", "Beta\Beta.csproj", "{5F279DF5-F835-497B-8001-654007A92FE2}"
EndProject
Global
	GlobalSection(SolutionConfigurationPlatforms) = preSolution
		Debug|Any CPU = Debug|Any CPU
		Release|Any CPU = Release|Any CPU
	EndGlobalSection
	GlobalSection(ProjectConfigurationPlatforms) = postSolution
		{5F279DF5-F835-497B-8001-654007A92FE2}.Debug|Any CPU.ActiveCfg = Debug|Any CPU
		{5F279DF5-F835-497B-8001-654007A92FE2}.Debug|Any CPU.Build.0 = Debug|Any CPU
		{5F279DF5-F835-497B-8001-654007A92FE2}.Release|Any CPU.ActiveCfg = Release|Any CPU
		{5F279DF5-F835-497B-8001-654007A92FE2}.Release|Any CPU.Build.0 = Release|Any CPU
	EndGlobalSection
	GlobalSection(SolutionProperties) = preSolution
		HideSolutionNode = FALSE
	EndGlobalSection
	GlobalSection(ExtensibilityGlobals) = postSolution
		SolutionGuid = {2D3A3015-BFB6-43AA-843F-BE0385849454}
	EndGlobalSection
EndGlobal
